{
  "name": "vue-project",
  "version": "0.0.0",
  "lockfileVersion": 2,
  "requires": true,
  "packages": {
    "": {
      "name": "vue-project",
      "version": "0.0.0",
      "dependencies": {
        "@tosspayments/payment-widget-sdk": "^0.10.0",
        "vue": "^3.3.4",
        "vue-router": "^4.2.5"
      },
      "devDependencies": {
        "@vitejs/plugin-vue": "^4.4.0",
        "vite": "^4.4.11"
      }
    },
    "node_modules/@babel/parser": {
      "version": "7.23.0",
      "license": "MIT",
      "bin": {
        "parser": "bin/babel-parser.js"
      },
      "engines": {
        "node": ">=6.0.0"
      }
    },
    "node_modules/@esbuild/darwin-arm64": {
      "version": "0.18.20",
      "cpu": [
        "arm64"
      ],
      "dev": true,
      "license": "MIT",
      "optional": true,
      "os": [
        "darwin"
      ],
      "engines": {
        "node": ">=12"
      }
    },
    "node_modules/@jridgewell/sourcemap-codec": {
      "version": "1.4.15",
      "license": "MIT"
    },
    "node_modules/@tosspayments/brandpay-types": {
      "version": "0.2.6",
      "license": "MIT",
      "peerDependencies": {
        "typescript": "^4.1.0"
      },
      "peerDependenciesMeta": {
        "typescript": {
          "optional": true
        }
      }
    },
    "node_modules/@tosspayments/payment__types": {
      "version": "1.66.2",
      "license": "MIT",
      "dependencies": {
        "@tosspayments/sdk-constants": "^0.2.2"
      }
    },
    "node_modules/@tosspayments/payment-widget__types": {
      "version": "0.3.0",
      "license": "MIT",
      "dependencies": {
        "@tosspayments/brandpay-types": "^0.2.6",
        "@tosspayments/payment__types": "^1.66.2",
        "@tosspayments/payment-widget-types": "^0.0.5"
      }
    },
    "node_modules/@tosspayments/payment-widget-sdk": {
      "version": "0.10.0",
      "license": "MIT",
      "dependencies": {
        "@tosspayments/payment-widget__types": "^0.3.0"
      }
    },
    "node_modules/@tosspayments/payment-widget-types": {
      "version": "0.0.5",
      "license": "MIT",
      "peerDependencies": {
        "typescript": "^4.7.4"
      },
      "peerDependenciesMeta": {
        "typescript": {
          "optional": true
        }
      }
    },
    "node_modules/@tosspayments/sdk-constants": {
      "version": "0.2.2",
      "license": "MIT",
      "dependencies": {
        "type-fest": "^2.11.2"
      }
    },
    "node_modules/@types/node": {
      "version": "20.8.9",
      "dev": true,
      "license": "MIT",
      "optional": true,
      "peer": true,
      "dependencies": {
        "undici-types": "~5.26.4"
      }
    },
    "node_modules/@vitejs/plugin-vue": {
      "version": "4.4.0",
      "dev": true,
      "license": "MIT",
      "engines": {
        "node": "^14.18.0 || >=16.0.0"
      },
      "peerDependencies": {
        "vite": "^4.0.0",
        "vue": "^3.2.25"
      }
    },
    "node_modules/@vue/compiler-core": {
      "version": "3.3.7",
      "license": "MIT",
      "dependencies": {
        "@babel/parser": "^7.23.0",
        "@vue/shared": "3.3.7",
        "estree-walker": "^2.0.2",
        "source-map-js": "^1.0.2"
      }
    },
    "node_modules/@vue/compiler-dom": {
      "version": "3.3.7",
      "license": "MIT",
      "dependencies": {
        "@vue/compiler-core": "3.3.7",
        "@vue/shared": "3.3.7"
      }
    },
    "node_modules/@vue/compiler-sfc": {
      "version": "3.3.7",
      "license": "MIT",
      "dependencies": {
        "@babel/parser": "^7.23.0",
        "@vue/compiler-core": "3.3.7",
        "@vue/compiler-dom": "3.3.7",
        "@vue/compiler-ssr": "3.3.7",
        "@vue/reactivity-transform": "3.3.7",
        "@vue/shared": "3.3.7",
        "estree-walker": "^2.0.2",
        "magic-string": "^0.30.5",
        "postcss": "^8.4.31",
        "source-map-js": "^1.0.2"
      }
    },
    "node_modules/@vue/compiler-ssr": {
      "version": "3.3.7",
      "license": "MIT",
      "dependencies": {
        "@vue/compiler-dom": "3.3.7",
        "@vue/shared": "3.3.7"
      }
    },
    "node_modules/@vue/devtools-api": {
      "version": "6.5.1",
      "license": "MIT"
    },
    "node_modules/@vue/reactivity": {
      "version": "3.3.7",
      "license": "MIT",
      "dependencies": {
        "@vue/shared": "3.3.7"
      }
    },
    "node_modules/@vue/reactivity-transform": {
      "version": "3.3.7",
      "license": "MIT",
      "dependencies": {
        "@babel/parser": "^7.23.0",
        "@vue/compiler-core": "3.3.7",
        "@vue/shared": "3.3.7",
        "estree-walker": "^2.0.2",
        "magic-string": "^0.30.5"
      }
    },
    "node_modules/@vue/runtime-core": {
      "version": "3.3.7",
      "license": "MIT",
      "dependencies": {
        "@vue/reactivity": "3.3.7",
        "@vue/shared": "3.3.7"
      }
    },
    "node_modules/@vue/runtime-dom": {
      "version": "3.3.7",
      "license": "MIT",
      "dependencies": {
        "@vue/runtime-core": "3.3.7",
        "@vue/shared": "3.3.7",
        "csstype": "^3.1.2"
      }
    },
    "node_modules/@vue/server-renderer": {
      "version": "3.3.7",
      "license": "MIT",
      "dependencies": {
        "@vue/compiler-ssr": "3.3.7",
        "@vue/shared": "3.3.7"
      },
      "peerDependencies": {
        "vue": "3.3.7"
      }
    },
    "node_modules/@vue/shared": {
      "version": "3.3.7",
      "license": "MIT"
    },
    "node_modules/csstype": {
      "version": "3.1.2",
      "license": "MIT"
    },
    "node_modules/esbuild": {
      "version": "0.18.20",
      "dev": true,
      "hasInstallScript": true,
      "license": "MIT",
      "bin": {
        "esbuild": "bin/esbuild"
      },
      "engines": {
        "node": ">=12"
      },
      "optionalDependencies": {
        "@esbuild/android-arm": "0.18.20",
        "@esbuild/android-arm64": "0.18.20",
        "@esbuild/android-x64": "0.18.20",
        "@esbuild/darwin-arm64": "0.18.20",
        "@esbuild/darwin-x64": "0.18.20",
        "@esbuild/freebsd-arm64": "0.18.20",
        "@esbuild/freebsd-x64": "0.18.20",
        "@esbuild/linux-arm": "0.18.20",
        "@esbuild/linux-arm64": "0.18.20",
        "@esbuild/linux-ia32": "0.18.20",
        "@esbuild/linux-loong64": "0.18.20",
        "@esbuild/linux-mips64el": "0.18.20",
        "@esbuild/linux-ppc64": "0.18.20",
        "@esbuild/linux-riscv64": "0.18.20",
        "@esbuild/linux-s390x": "0.18.20",
        "@esbuild/linux-x64": "0.18.20",
        "@esbuild/netbsd-x64": "0.18.20",
        "@esbuild/openbsd-x64": "0.18.20",
        "@esbuild/sunos-x64": "0.18.20",
        "@esbuild/win32-arm64": "0.18.20",
        "@esbuild/win32-ia32": "0.18.20",
        "@esbuild/win32-x64": "0.18.20"
      }
    },
    "node_modules/estree-walker": {
      "version": "2.0.2",
      "license": "MIT"
    },
    "node_modules/fsevents": {
      "version": "2.3.3",
      "dev": true,
      "license": "MIT",
      "optional": true,
      "os": [
        "darwin"
      ],
      "engines": {
        "node": "^8.16.0 || ^10.6.0 || >=11.0.0"
      }
    },
    "node_modules/magic-string": {
      "version": "0.30.5",
      "license": "MIT",
      "dependencies": {
        "@jridgewell/sourcemap-codec": "^1.4.15"
      },
      "engines": {
        "node": ">=12"
      }
    },
    "node_modules/nanoid": {
      "version": "3.3.6",
      "funding": [
        {
          "type": "github",
          "url": "https://github.com/sponsors/ai"
        }
      ],
      "license": "MIT",
      "bin": {
        "nanoid": "bin/nanoid.cjs"
      },
      "engines": {
        "node": "^10 || ^12 || ^13.7 || ^14 || >=15.0.1"
      }
    },
    "node_modules/picocolors": {
      "version": "1.0.0",
      "license": "ISC"
    },
    "node_modules/postcss": {
      "version": "8.4.31",
      "funding": [
        {
          "type": "opencollective",
          "url": "https://opencollective.com/postcss/"
        },
        {
          "type": "tidelift",
          "url": "https://tidelift.com/funding/github/npm/postcss"
        },
        {
          "type": "github",
          "url": "https://github.com/sponsors/ai"
        }
      ],
      "license": "MIT",
      "dependencies": {
        "nanoid": "^3.3.6",
        "picocolors": "^1.0.0",
        "source-map-js": "^1.0.2"
      },
      "engines": {
        "node": "^10 || ^12 || >=14"
      }
    },
    "node_modules/rollup": {
      "version": "3.29.4",
      "dev": true,
      "license": "MIT",
      "bin": {
        "rollup": "dist/bin/rollup"
      },
      "engines": {
        "node": ">=14.18.0",
        "npm": ">=8.0.0"
      },
      "optionalDependencies": {
        "fsevents": "~2.3.2"
      }
    },
    "node_modules/source-map-js": {
      "version": "1.0.2",
      "license": "BSD-3-Clause",
      "engines": {
        "node": ">=0.10.0"
      }
    },
    "node_modules/type-fest": {
      "version": "2.19.0",
      "license": "(MIT OR CC0-1.0)",
      "engines": {
        "node": ">=12.20"
      },
      "funding": {
        "url": "https://github.com/sponsors/sindresorhus"
      }
    },
    "node_modules/typescript": {
      "version": "4.9.5",
      "license": "Apache-2.0",
      "optional": true,
      "peer": true,
      "bin": {
        "tsc": "bin/tsc",
        "tsserver": "bin/tsserver"
      },
      "engines": {
        "node": ">=4.2.0"
      }
    },
    "node_modules/undici-types": {
      "version": "5.26.5",
      "dev": true,
      "license": "MIT",
      "optional": true,
      "peer": true
    },
    "node_modules/vite": {
      "version": "4.5.0",
      "dev": true,
      "license": "MIT",
      "dependencies": {
        "esbuild": "^0.18.10",
        "postcss": "^8.4.27",
        "rollup": "^3.27.1"
      },
      "bin": {
        "vite": "bin/vite.js"
      },
      "engines": {
        "node": "^14.18.0 || >=16.0.0"
      },
      "funding": {
        "url": "https://github.com/vitejs/vite?sponsor=1"
      },
      "optionalDependencies": {
        "fsevents": "~2.3.2"
      },
      "peerDependencies": {
        "@types/node": ">= 14",
        "less": "*",
        "lightningcss": "^1.21.0",
        "sass": "*",
        "stylus": "*",
        "sugarss": "*",
        "terser": "^5.4.0"
      },
      "peerDependenciesMeta": {
        "@types/node": {
          "optional": true
        },
        "less": {
          "optional": true
        },
        "lightningcss": {
          "optional": true
        },
        "sass": {
          "optional": true
        },
        "stylus": {
          "optional": true
        },
        "sugarss": {
          "optional": true
        },
        "terser": {
          "optional": true
        }
      }
    },
    "node_modules/vue": {
      "version": "3.3.7",
      "license": "MIT",
      "dependencies": {
        "@vue/compiler-dom": "3.3.7",
        "@vue/compiler-sfc": "3.3.7",
        "@vue/runtime-dom": "3.3.7",
        "@vue/server-renderer": "3.3.7",
        "@vue/shared": "3.3.7"
      },
      "peerDependencies": {
        "typescript": "*"
      },
      "peerDependenciesMeta": {
        "typescript": {
          "optional": true
        }
      }
    },
    "node_modules/vue-router": {
      "version": "4.2.5",
      "license": "MIT",
      "dependencies": {
        "@vue/devtools-api": "^6.5.0"
      },
      "funding": {
        "url": "https://github.com/sponsors/posva"
      },
      "peerDependencies": {
        "vue": "^3.2.0"
      }
    }
  },
  "dependencies": {
    "@babel/parser": {
      "version": "7.23.0"
    },
    "@esbuild/darwin-arm64": {
      "version": "0.18.20",
      "dev": true,
      "optional": true
    },
    "@jridgewell/sourcemap-codec": {
      "version": "1.4.15"
    },
    "@tosspayments/brandpay-types": {
      "version": "0.2.6",
      "requires": {}
    },
    "@tosspayments/payment__types": {
      "version": "1.66.2",
      "requires": {
        "@tosspayments/sdk-constants": "^0.2.2"
      }
    },
    "@tosspayments/payment-widget__types": {
      "version": "0.3.0",
      "requires": {
        "@tosspayments/brandpay-types": "^0.2.6",
        "@tosspayments/payment__types": "^1.66.2",
        "@tosspayments/payment-widget-types": "^0.0.5"
      }
    },
    "@tosspayments/payment-widget-sdk": {
      "version": "0.10.0",
      "requires": {
        "@tosspayments/payment-widget__types": "^0.3.0"
      }
    },
    "@tosspayments/payment-widget-types": {
      "version": "0.0.5",
      "requires": {}
    },
    "@tosspayments/sdk-constants": {
      "version": "0.2.2",
      "requires": {
        "type-fest": "^2.11.2"
      }
    },
    "@types/node": {
      "version": "20.8.9",
      "dev": true,
      "optional": true,
      "peer": true,
      "requires": {
        "undici-types": "~5.26.4"
      }
    },
    "@vitejs/plugin-vue": {
      "version": "4.4.0",
      "dev": true,
      "requires": {}
    },
    "@vue/compiler-core": {
      "version": "3.3.7",
      "requires": {
        "@babel/parser": "^7.23.0",
        "@vue/shared": "3.3.7",
        "estree-walker": "^2.0.2",
        "source-map-js": "^1.0.2"
      }
    },
    "@vue/compiler-dom": {
      "version": "3.3.7",
      "requires": {
        "@vue/compiler-core": "3.3.7",
        "@vue/shared": "3.3.7"
      }
    },
    "@vue/compiler-sfc": {
      "version": "3.3.7",
      "requires": {
        "@babel/parser": "^7.23.0",
        "@vue/compiler-core": "3.3.7",
        "@vue/compiler-dom": "3.3.7",
        "@vue/compiler-ssr": "3.3.7",
        "@vue/reactivity-transform": "3.3.7",
        "@vue/shared": "3.3.7",
        "estree-walker": "^2.0.2",
        "magic-string": "^0.30.5",
        "postcss": "^8.4.31",
        "source-map-js": "^1.0.2"
      }
    },
    "@vue/compiler-ssr": {
      "version": "3.3.7",
      "requires": {
        "@vue/compiler-dom": "3.3.7",
        "@vue/shared": "3.3.7"
      }
    },
    "@vue/devtools-api": {
      "version": "6.5.1"
    },
    "@vue/reactivity": {
      "version": "3.3.7",
      "requires": {
        "@vue/shared": "3.3.7"
      }
    },
    "@vue/reactivity-transform": {
      "version": "3.3.7",
      "requires": {
        "@babel/parser": "^7.23.0",
        "@vue/compiler-core": "3.3.7",
        "@vue/shared": "3.3.7",
        "estree-walker": "^2.0.2",
        "magic-string": "^0.30.5"
      }
    },
    "@vue/runtime-core": {
      "version": "3.3.7",
      "requires": {
        "@vue/reactivity": "3.3.7",
        "@vue/shared": "3.3.7"
      }
    },
    "@vue/runtime-dom": {
      "version": "3.3.7",
      "requires": {
        "@vue/runtime-core": "3.3.7",
        "@vue/shared": "3.3.7",
        "csstype": "^3.1.2"
      }
    },
    "@vue/server-renderer": {
      "version": "3.3.7",
      "requires": {
        "@vue/compiler-ssr": "3.3.7",
        "@vue/shared": "3.3.7"
      }
    },
    "@vue/shared": {
      "version": "3.3.7"
    },
    "csstype": {
      "version": "3.1.2"
    },
    "esbuild": {
      "version": "0.18.20",
      "dev": true,
      "requires": {
        "@esbuild/android-arm": "0.18.20",
        "@esbuild/android-arm64": "0.18.20",
        "@esbuild/android-x64": "0.18.20",
        "@esbuild/darwin-arm64": "0.18.20",
        "@esbuild/darwin-x64": "0.18.20",
        "@esbuild/freebsd-arm64": "0.18.20",
        "@esbuild/freebsd-x64": "0.18.20",
        "@esbuild/linux-arm": "0.18.20",
        "@esbuild/linux-arm64": "0.18.20",
        "@esbuild/linux-ia32": "0.18.20",
        "@esbuild/linux-loong64": "0.18.20",
        "@esbuild/linux-mips64el": "0.18.20",
        "@esbuild/linux-ppc64": "0.18.20",
        "@esbuild/linux-riscv64": "0.18.20",
        "@esbuild/linux-s390x": "0.18.20",
        "@esbuild/linux-x64": "0.18.20",
        "@esbuild/netbsd-x64": "0.18.20",
        "@esbuild/openbsd-x64": "0.18.20",
        "@esbuild/sunos-x64": "0.18.20",
        "@esbuild/win32-arm64": "0.18.20",
        "@esbuild/win32-ia32": "0.18.20",
        "@esbuild/win32-x64": "0.18.20"
      }
    },
    "estree-walker": {
      "version": "2.0.2"
    },
    "fsevents": {
      "version": "2.3.3",
      "dev": true,
      "optional": true
    },
    "magic-string": {
      "version": "0.30.5",
      "requires": {
        "@jridgewell/sourcemap-codec": "^1.4.15"
      }
    },
    "nanoid": {
      "version": "3.3.6"
    },
    "picocolors": {
      "version": "1.0.0"
    },
    "postcss": {
      "version": "8.4.31",
      "requires": {
        "nanoid": "^3.3.6",
        "picocolors": "^1.0.0",
        "source-map-js": "^1.0.2"
      }
    },
    "rollup": {
      "version": "3.29.4",
      "dev": true,
      "requires": {
        "fsevents": "~2.3.2"
      }
    },
    "source-map-js": {
      "version": "1.0.2"
    },
    "type-fest": {
      "version": "2.19.0"
    },
    "typescript": {
      "version": "4.9.5",
      "optional": true,
      "peer": true
    },
    "undici-types": {
      "version": "5.26.5",
      "dev": true,
      "optional": true,
      "peer": true
    },
    "vite": {
      "version": "4.5.0",
      "dev": true,
      "requires": {
        "esbuild": "^0.18.10",
        "fsevents": "~2.3.2",
        "postcss": "^8.4.27",
        "rollup": "^3.27.1"
      }
    },
    "vue": {
      "version": "3.3.7",
      "requires": {
        "@vue/compiler-dom": "3.3.7",
        "@vue/compiler-sfc": "3.3.7",
        "@vue/runtime-dom": "3.3.7",
        "@vue/server-renderer": "3.3.7",
        "@vue/shared": "3.3.7"
      }
    },
    "vue-router": {
      "version": "4.2.5",
      "requires": {
        "@vue/devtools-api": "^6.5.0"
      }
    }
  }
}
